
Microsoft Visual Studio Solution File, Format Version 12.00
# Visual Studio Version 17
VisualStudioVersion = 17.14.35906.104 d17.14
MinimumVisualStudioVersion = 10.0.40219.1
Project("{FAE04EC0-301F-11D3-BF4B-00C04F79EFBC}") = "SystemChatBoxRealtime", "SystemChatBoxRealtime\SystemChatBoxRealtime.csproj", "{7407927F-BE5F-462C-A895-08FE1D013EED}"
EndProject
Project("{FAE04EC0-301F-11D3-BF4B-00C04F79EFBC}") = "WebServer", "WebServer\WebServer.csproj", "{9E8D4CCF-C69F-4E66-AAD6-4C140B5DFC6A}"
EndProject
Global
	GlobalSection(SolutionConfigurationPlatforms) = preSolution
		Debug|Any CPU = Debug|Any CPU
		Release|Any CPU = Release|Any CPU
	EndGlobalSection
	GlobalSection(ProjectConfigurationPlatforms) = postSolution
		{7407927F-BE5F-462C-A895-08FE1D013EED}.Debug|Any CPU.ActiveCfg = Debug|Any CPU
		{7407927F-BE5F-462C-A895-08FE1D013EED}.Debug|Any CPU.Build.0 = Debug|Any CPU
		{7407927F-BE5F-462C-A895-08FE1D013EED}.Release|Any CPU.ActiveCfg = Release|Any CPU
		{7407927F-BE5F-462C-A895-08FE1D013EED}.Release|Any CPU.Build.0 = Release|Any CPU
		{9E8D4CCF-C69F-4E66-AAD6-4C140B5DFC6A}.Debug|Any CPU.ActiveCfg = Debug|Any CPU
		{9E8D4CCF-C69F-4E66-AAD6-4C140B5DFC6A}.Debug|Any CPU.Build.0 = Debug|Any CPU
		{9E8D4CCF-C69F-4E66-AAD6-4C140B5DFC6A}.Release|Any CPU.ActiveCfg = Release|Any CPU
		{9E8D4CCF-C69F-4E66-AAD6-4C140B5DFC6A}.Release|Any CPU.Build.0 = Release|Any CPU
	EndGlobalSection
	GlobalSection(SolutionProperties) = preSolution
		HideSolutionNode = FALSE
	EndGlobalSection
	GlobalSection(ExtensibilityGlobals) = postSolution
		SolutionGuid = {D21E5696-3063-450A-BC42-52E45EF15DD1}
	EndGlobalSection
EndGlobal
